# This file is automatically @generated by Poetry 2.1.3 and should not be changed by hand.

[[package]]
name = "colorama"
version = "0.4.6"
description = "Cross-platform colored terminal text."
optional = false
python-versions = "!=3.0.*,!=3.1.*,!=3.2.*,!=3.3.*,!=3.4.*,!=3.5.*,!=3.6.*,>=2.7"
groups = ["test"]
markers = "sys_platform == \"win32\""
files = [
    {file = "colorama-0.4.6-py2.py3-none-any.whl", hash = "sha256:4f1d9991f5acc0ca119f9d443620b77f9d6b33703e51011c16baf57afb285fc6"},
    {file = "colorama-0.4.6.tar.gz", hash = "sha256:08695f5cb7ed6e0531a20572697297273c47b8cae5a63ffc6d6ed5c201be6e44"},
]

[[package]]
name = "coverage"
version = "7.10.1"
description = "Code coverage measurement for Python"
optional = false
python-versions = ">=3.9"
groups = ["test"]
files = [
    {file = "coverage-7.10.1-cp310-cp310-macosx_10_9_x86_64.whl", hash = "sha256:1c86eb388bbd609d15560e7cc0eb936c102b6f43f31cf3e58b4fd9afe28e1372"},
    {file = "coverage-7.10.1-cp310-cp310-macosx_11_0_arm64.whl", hash = "sha256:6b4ba0f488c1bdb6bd9ba81da50715a372119785458831c73428a8566253b86b"},
    {file = "coverage-7.10.1-cp310-cp310-manylinux1_i686.manylinux_2_28_i686.manylinux_2_5_i686.whl", hash = "sha256:083442ecf97d434f0cb3b3e3676584443182653da08b42e965326ba12d6b5f2a"},
    {file = "coverage-7.10.1-cp310-cp310-manylinux1_x86_64.manylinux_2_28_x86_64.manylinux_2_5_x86_64.whl", hash = "sha256:c1a40c486041006b135759f59189385da7c66d239bad897c994e18fd1d0c128f"},
    {file = "coverage-7.10.1-cp310-cp310-manylinux2014_aarch64.manylinux_2_17_aarch64.manylinux_2_28_aarch64.whl", hash = "sha256:3beb76e20b28046989300c4ea81bf690df84ee98ade4dc0bbbf774a28eb98440"},
    {file = "coverage-7.10.1-cp310-cp310-musllinux_1_2_aarch64.whl", hash = "sha256:bc265a7945e8d08da28999ad02b544963f813a00f3ed0a7a0ce4165fd77629f8"},
    {file = "coverage-7.10.1-cp310-cp310-musllinux_1_2_i686.whl", hash = "sha256:47c91f32ba4ac46f1e224a7ebf3f98b4b24335bad16137737fe71a5961a0665c"},
    {file = "coverage-7.10.1-cp310-cp310-musllinux_1_2_x86_64.whl", hash = "sha256:1a108dd78ed185020f66f131c60078f3fae3f61646c28c8bb4edd3fa121fc7fc"},
    {file = "coverage-7.10.1-cp310-cp310-win32.whl", hash = "sha256:7092cc82382e634075cc0255b0b69cb7cada7c1f249070ace6a95cb0f13548ef"},
    {file = "coverage-7.10.1-cp310-cp310-win_amd64.whl", hash = "sha256:ac0c5bba938879c2fc0bc6c1b47311b5ad1212a9dcb8b40fe2c8110239b7faed"},
    {file = "coverage-7.10.1-cp311-cp311-macosx_10_9_x86_64.whl", hash = "sha256:b45e2f9d5b0b5c1977cb4feb5f594be60eb121106f8900348e29331f553a726f"},
    {file = "coverage-7.10.1-cp311-cp311-macosx_11_0_arm64.whl", hash = "sha256:3a7a4d74cb0f5e3334f9aa26af7016ddb94fb4bfa11b4a573d8e98ecba8c34f1"},
    {file = "coverage-7.10.1-cp311-cp311-manylinux1_i686.manylinux_2_28_i686.manylinux_2_5_i686.whl", hash = "sha256:d4b0aab55ad60ead26159ff12b538c85fbab731a5e3411c642b46c3525863437"},
    {file = "coverage-7.10.1-cp311-cp311-manylinux1_x86_64.manylinux_2_28_x86_64.manylinux_2_5_x86_64.whl", hash = "sha256:dcc93488c9ebd229be6ee1f0d9aad90da97b33ad7e2912f5495804d78a3cd6b7"},
    {file = "coverage-7.10.1-cp311-cp311-manylinux2014_aarch64.manylinux_2_17_aarch64.manylinux_2_28_aarch64.whl", hash = "sha256:aa309df995d020f3438407081b51ff527171cca6772b33cf8f85344b8b4b8770"},
    {file = "coverage-7.10.1-cp311-cp311-musllinux_1_2_aarch64.whl", hash = "sha256:cfb8b9d8855c8608f9747602a48ab525b1d320ecf0113994f6df23160af68262"},
    {file = "coverage-7.10.1-cp311-cp311-musllinux_1_2_i686.whl", hash = "sha256:320d86da829b012982b414c7cdda65f5d358d63f764e0e4e54b33097646f39a3"},
    {file = "coverage-7.10.1-cp311-cp311-musllinux_1_2_x86_64.whl", hash = "sha256:dc60ddd483c556590da1d9482a4518292eec36dd0e1e8496966759a1f282bcd0"},
    {file = "coverage-7.10.1-cp311-cp311-win32.whl", hash = "sha256:4fcfe294f95b44e4754da5b58be750396f2b1caca8f9a0e78588e3ef85f8b8be"},
    {file = "coverage-7.10.1-cp311-cp311-win_amd64.whl", hash = "sha256:efa23166da3fe2915f8ab452dde40319ac84dc357f635737174a08dbd912980c"},
    {file = "coverage-7.10.1-cp311-cp311-win_arm64.whl", hash = "sha256:d12b15a8c3759e2bb580ffa423ae54be4f184cf23beffcbd641f4fe6e1584293"},
    {file = "coverage-7.10.1-cp312-cp312-macosx_10_13_x86_64.whl", hash = "sha256:6b7dc7f0a75a7eaa4584e5843c873c561b12602439d2351ee28c7478186c4da4"},
    {file = "coverage-7.10.1-cp312-cp312-macosx_11_0_arm64.whl", hash = "sha256:607f82389f0ecafc565813aa201a5cade04f897603750028dd660fb01797265e"},
    {file = "coverage-7.10.1-cp312-cp312-manylinux1_i686.manylinux_2_28_i686.manylinux_2_5_i686.whl", hash = "sha256:f7da31a1ba31f1c1d4d5044b7c5813878adae1f3af8f4052d679cc493c7328f4"},
    {file = "coverage-7.10.1-cp312-cp312-manylinux1_x86_64.manylinux_2_28_x86_64.manylinux_2_5_x86_64.whl", hash = "sha256:51fe93f3fe4f5d8483d51072fddc65e717a175490804e1942c975a68e04bf97a"},
    {file = "coverage-7.10.1-cp312-cp312-manylinux2014_aarch64.manylinux_2_17_aarch64.manylinux_2_28_aarch64.whl", hash = "sha256:3e59d00830da411a1feef6ac828b90bbf74c9b6a8e87b8ca37964925bba76dbe"},
    {file = "coverage-7.10.1-cp312-cp312-musllinux_1_2_aarch64.whl", hash = "sha256:924563481c27941229cb4e16eefacc35da28563e80791b3ddc5597b062a5c386"},
    {file = "coverage-7.10.1-cp312-cp312-musllinux_1_2_i686.whl", hash = "sha256:ca79146ee421b259f8131f153102220b84d1a5e6fb9c8aed13b3badfd1796de6"},
    {file = "coverage-7.10.1-cp312-cp312-musllinux_1_2_x86_64.whl", hash = "sha256:2b225a06d227f23f386fdc0eab471506d9e644be699424814acc7d114595495f"},
    {file = "coverage-7.10.1-cp312-cp312-win32.whl", hash = "sha256:5ba9a8770effec5baaaab1567be916c87d8eea0c9ad11253722d86874d885eca"},
    {file = "coverage-7.10.1-cp312-cp312-win_amd64.whl", hash = "sha256:9eb245a8d8dd0ad73b4062135a251ec55086fbc2c42e0eb9725a9b553fba18a3"},
    {file = "coverage-7.10.1-cp312-cp312-win_arm64.whl", hash = "sha256:7718060dd4434cc719803a5e526838a5d66e4efa5dc46d2b25c21965a9c6fcc4"},
    {file = "coverage-7.10.1-cp313-cp313-macosx_10_13_x86_64.whl", hash = "sha256:ebb08d0867c5a25dffa4823377292a0ffd7aaafb218b5d4e2e106378b1061e39"},
    {file = "coverage-7.10.1-cp313-cp313-macosx_11_0_arm64.whl", hash = "sha256:f32a95a83c2e17422f67af922a89422cd24c6fa94041f083dd0bb4f6057d0bc7"},
    {file = "coverage-7.10.1-cp313-cp313-manylinux1_i686.manylinux_2_28_i686.manylinux_2_5_i686.whl", hash = "sha256:c4c746d11c8aba4b9f58ca8bfc6fbfd0da4efe7960ae5540d1a1b13655ee8892"},
    {file = "coverage-7.10.1-cp313-cp313-manylinux1_x86_64.manylinux_2_28_x86_64.manylinux_2_5_x86_64.whl", hash = "sha256:7f39edd52c23e5c7ed94e0e4bf088928029edf86ef10b95413e5ea670c5e92d7"},
    {file = "coverage-7.10.1-cp313-cp313-manylinux2014_aarch64.manylinux_2_17_aarch64.manylinux_2_28_aarch64.whl", hash = "sha256:ab6e19b684981d0cd968906e293d5628e89faacb27977c92f3600b201926b994"},
    {file = "coverage-7.10.1-cp313-cp313-musllinux_1_2_aarch64.whl", hash = "sha256:5121d8cf0eacb16133501455d216bb5f99899ae2f52d394fe45d59229e6611d0"},
    {file = "coverage-7.10.1-cp313-cp313-musllinux_1_2_i686.whl", hash = "sha256:df1c742ca6f46a6f6cbcaef9ac694dc2cb1260d30a6a2f5c68c5f5bcfee1cfd7"},
    {file = "coverage-7.10.1-cp313-cp313-musllinux_1_2_x86_64.whl", hash = "sha256:40f9a38676f9c073bf4b9194707aa1eb97dca0e22cc3766d83879d72500132c7"},
    {file = "coverage-7.10.1-cp313-cp313-win32.whl", hash = "sha256:2348631f049e884839553b9974f0821d39241c6ffb01a418efce434f7eba0fe7"},
    {file = "coverage-7.10.1-cp313-cp313-win_amd64.whl", hash = "sha256:4072b31361b0d6d23f750c524f694e1a417c1220a30d3ef02741eed28520c48e"},
    {file = "coverage-7.10.1-cp313-cp313-win_arm64.whl", hash = "sha256:3e31dfb8271937cab9425f19259b1b1d1f556790e98eb266009e7a61d337b6d4"},
    {file = "coverage-7.10.1-cp313-cp313t-macosx_10_13_x86_64.whl", hash = "sha256:1c4f679c6b573a5257af6012f167a45be4c749c9925fd44d5178fd641ad8bf72"},
    {file = "coverage-7.10.1-cp313-cp313t-macosx_11_0_arm64.whl", hash = "sha256:871ebe8143da284bd77b84a9136200bd638be253618765d21a1fce71006d94af"},
    {file = "coverage-7.10.1-cp313-cp313t-manylinux1_i686.manylinux_2_28_i686.manylinux_2_5_i686.whl", hash = "sha256:998c4751dabf7d29b30594af416e4bf5091f11f92a8d88eb1512c7ba136d1ed7"},
    {file = "coverage-7.10.1-cp313-cp313t-manylinux1_x86_64.manylinux_2_28_x86_64.manylinux_2_5_x86_64.whl", hash = "sha256:780f750a25e7749d0af6b3631759c2c14f45de209f3faaa2398312d1c7a22759"},
    {file = "coverage-7.10.1-cp313-cp313t-manylinux2014_aarch64.manylinux_2_17_aarch64.manylinux_2_28_aarch64.whl", hash = "sha256:590bdba9445df4763bdbebc928d8182f094c1f3947a8dc0fc82ef014dbdd8324"},
    {file = "coverage-7.10.1-cp313-cp313t-musllinux_1_2_aarch64.whl", hash = "sha256:9b2df80cb6a2af86d300e70acb82e9b79dab2c1e6971e44b78dbfc1a1e736b53"},
    {file = "coverage-7.10.1-cp313-cp313t-musllinux_1_2_i686.whl", hash = "sha256:d6a558c2725bfb6337bf57c1cd366c13798bfd3bfc9e3dd1f4a6f6fc95a4605f"},
    {file = "coverage-7.10.1-cp313-cp313t-musllinux_1_2_x86_64.whl", hash = "sha256:e6150d167f32f2a54690e572e0a4c90296fb000a18e9b26ab81a6489e24e78dd"},
    {file = "coverage-7.10.1-cp313-cp313t-win32.whl", hash = "sha256:d946a0c067aa88be4a593aad1236493313bafaa27e2a2080bfe88db827972f3c"},
    {file = "coverage-7.10.1-cp313-cp313t-win_amd64.whl", hash = "sha256:e37c72eaccdd5ed1130c67a92ad38f5b2af66eeff7b0abe29534225db2ef7b18"},
    {file = "coverage-7.10.1-cp313-cp313t-win_arm64.whl", hash = "sha256:89ec0ffc215c590c732918c95cd02b55c7d0f569d76b90bb1a5e78aa340618e4"},
    {file = "coverage-7.10.1-cp314-cp314-macosx_10_13_x86_64.whl", hash = "sha256:166d89c57e877e93d8827dac32cedae6b0277ca684c6511497311249f35a280c"},
    {file = "coverage-7.10.1-cp314-cp314-macosx_11_0_arm64.whl", hash = "sha256:bed4a2341b33cd1a7d9ffc47df4a78ee61d3416d43b4adc9e18b7d266650b83e"},
    {file = "coverage-7.10.1-cp314-cp314-manylinux1_i686.manylinux_2_28_i686.manylinux_2_5_i686.whl", hash = "sha256:ddca1e4f5f4c67980533df01430184c19b5359900e080248bbf4ed6789584d8b"},
    {file = "coverage-7.10.1-cp314-cp314-manylinux1_x86_64.manylinux_2_28_x86_64.manylinux_2_5_x86_64.whl", hash = "sha256:37b69226001d8b7de7126cad7366b0778d36777e4d788c66991455ba817c5b41"},
    {file = "coverage-7.10.1-cp314-cp314-manylinux2014_aarch64.manylinux_2_17_aarch64.manylinux_2_28_aarch64.whl", hash = "sha256:b2f22102197bcb1722691296f9e589f02b616f874e54a209284dd7b9294b0b7f"},
    {file = "coverage-7.10.1-cp314-cp314-musllinux_1_2_aarch64.whl", hash = "sha256:1e0c768b0f9ac5839dac5cf88992a4bb459e488ee8a1f8489af4cb33b1af00f1"},
    {file = "coverage-7.10.1-cp314-cp314-musllinux_1_2_i686.whl", hash = "sha256:991196702d5e0b120a8fef2664e1b9c333a81d36d5f6bcf6b225c0cf8b0451a2"},
    {file = "coverage-7.10.1-cp314-cp314-musllinux_1_2_x86_64.whl", hash = "sha256:ae8e59e5f4fd85d6ad34c2bb9d74037b5b11be072b8b7e9986beb11f957573d4"},
    {file = "coverage-7.10.1-cp314-cp314-win32.whl", hash = "sha256:042125c89cf74a074984002e165d61fe0e31c7bd40ebb4bbebf07939b5924613"},
    {file = "coverage-7.10.1-cp314-cp314-win_amd64.whl", hash = "sha256:a22c3bfe09f7a530e2c94c87ff7af867259c91bef87ed2089cd69b783af7b84e"},
    {file = "coverage-7.10.1-cp314-cp314-win_arm64.whl", hash = "sha256:ee6be07af68d9c4fca4027c70cea0c31a0f1bc9cb464ff3c84a1f916bf82e652"},
    {file = "coverage-7.10.1-cp314-cp314t-macosx_10_13_x86_64.whl", hash = "sha256:d24fb3c0c8ff0d517c5ca5de7cf3994a4cd559cde0315201511dbfa7ab528894"},
    {file = "coverage-7.10.1-cp314-cp314t-macosx_11_0_arm64.whl", hash = "sha256:1217a54cfd79be20512a67ca81c7da3f2163f51bbfd188aab91054df012154f5"},
    {file = "coverage-7.10.1-cp314-cp314t-manylinux1_i686.manylinux_2_28_i686.manylinux_2_5_i686.whl", hash = "sha256:51f30da7a52c009667e02f125737229d7d8044ad84b79db454308033a7808ab2"},
    {file = "coverage-7.10.1-cp314-cp314t-manylinux1_x86_64.manylinux_2_28_x86_64.manylinux_2_5_x86_64.whl", hash = "sha256:ed3718c757c82d920f1c94089066225ca2ad7f00bb904cb72b1c39ebdd906ccb"},
    {file = "coverage-7.10.1-cp314-cp314t-manylinux2014_aarch64.manylinux_2_17_aarch64.manylinux_2_28_aarch64.whl", hash = "sha256:cc452481e124a819ced0c25412ea2e144269ef2f2534b862d9f6a9dae4bda17b"},
    {file = "coverage-7.10.1-cp314-cp314t-musllinux_1_2_aarch64.whl", hash = "sha256:9d6f494c307e5cb9b1e052ec1a471060f1dea092c8116e642e7a23e79d9388ea"},
    {file = "coverage-7.10.1-cp314-cp314t-musllinux_1_2_i686.whl", hash = "sha256:fc0e46d86905ddd16b85991f1f4919028092b4e511689bbdaff0876bd8aab3dd"},
    {file = "coverage-7.10.1-cp314-cp314t-musllinux_1_2_x86_64.whl", hash = "sha256:80b9ccd82e30038b61fc9a692a8dc4801504689651b281ed9109f10cc9fe8b4d"},
    {file = "coverage-7.10.1-cp314-cp314t-win32.whl", hash = "sha256:e58991a2b213417285ec866d3cd32db17a6a88061a985dbb7e8e8f13af429c47"},
    {file = "coverage-7.10.1-cp314-cp314t-win_amd64.whl", hash = "sha256:e88dd71e4ecbc49d9d57d064117462c43f40a21a1383507811cf834a4a620651"},
    {file = "coverage-7.10.1-cp314-cp314t-win_arm64.whl", hash = "sha256:1aadfb06a30c62c2eb82322171fe1f7c288c80ca4156d46af0ca039052814bab"},
    {file = "coverage-7.10.1-cp39-cp39-macosx_10_9_x86_64.whl", hash = "sha256:57b6e8789cbefdef0667e4a94f8ffa40f9402cee5fc3b8e4274c894737890145"},
    {file = "coverage-7.10.1-cp39-cp39-macosx_11_0_arm64.whl", hash = "sha256:85b22a9cce00cb03156334da67eb86e29f22b5e93876d0dd6a98646bb8a74e53"},
    {file = "coverage-7.10.1-cp39-cp39-manylinux1_i686.manylinux_2_28_i686.manylinux_2_5_i686.whl", hash = "sha256:97b6983a2f9c76d345ca395e843a049390b39652984e4a3b45b2442fa733992d"},
    {file = "coverage-7.10.1-cp39-cp39-manylinux1_x86_64.manylinux_2_28_x86_64.manylinux_2_5_x86_64.whl", hash = "sha256:ddf2a63b91399a1c2f88f40bc1705d5a7777e31c7e9eb27c602280f477b582ba"},
    {file = "coverage-7.10.1-cp39-cp39-manylinux2014_aarch64.manylinux_2_17_aarch64.manylinux_2_28_aarch64.whl", hash = "sha256:47ab6dbbc31a14c5486420c2c1077fcae692097f673cf5be9ddbec8cdaa4cdbc"},
    {file = "coverage-7.10.1-cp39-cp39-musllinux_1_2_aarch64.whl", hash = "sha256:21eb7d8b45d3700e7c2936a736f732794c47615a20f739f4133d5230a6512a88"},
    {file = "coverage-7.10.1-cp39-cp39-musllinux_1_2_i686.whl", hash = "sha256:283005bb4d98ae33e45f2861cd2cde6a21878661c9ad49697f6951b358a0379b"},
    {file = "coverage-7.10.1-cp39-cp39-musllinux_1_2_x86_64.whl", hash = "sha256:fefe31d61d02a8b2c419700b1fade9784a43d726de26495f243b663cd9fe1513"},
    {file = "coverage-7.10.1-cp39-cp39-win32.whl", hash = "sha256:e8ab8e4c7ec7f8a55ac05b5b715a051d74eac62511c6d96d5bb79aaafa3b04cf"},
    {file = "coverage-7.10.1-cp39-cp39-win_amd64.whl", hash = "sha256:c36baa0ecde742784aa76c2b816466d3ea888d5297fda0edbac1bf48fa94688a"},
    {file = "coverage-7.10.1-py3-none-any.whl", hash = "sha256:fa2a258aa6bf188eb9a8948f7102a83da7c430a0dce918dbd8b60ef8fcb772d7"},
    {file = "coverage-7.10.1.tar.gz", hash = "sha256:ae2b4856f29ddfe827106794f3589949a57da6f0d38ab01e24ec35107979ba57"},
]

[package.extras]
toml = ["tomli ; python_full_version <= \"3.11.0a6\""]

[[package]]
name = "iniconfig"
version = "2.1.0"
description = "brain-dead simple config-ini parsing"
optional = false
python-versions = ">=3.8"
groups = ["test"]
files = [
    {file = "iniconfig-2.1.0-py3-none-any.whl", hash = "sha256:9deba5723312380e77435581c6bf4935c94cbfab9b1ed33ef8d238ea168eb760"},
    {file = "iniconfig-2.1.0.tar.gz", hash = "sha256:3abbd2e30b36733fee78f9c7f7308f2d0050e88f0087fd25c2645f63c773e1c7"},
]

[[package]]
name = "numpy"
version = "1.26.4"
description = "Fundamental package for array computing in Python"
optional = false
python-versions = ">=3.9"
groups = ["test"]
files = [
    {file = "numpy-1.26.4-cp310-cp310-macosx_10_9_x86_64.whl", hash = "sha256:9ff0f4f29c51e2803569d7a51c2304de5554655a60c5d776e35b4a41413830d0"},
    {file = "numpy-1.26.4-cp310-cp310-macosx_11_0_arm64.whl", hash = "sha256:2e4ee3380d6de9c9ec04745830fd9e2eccb3e6cf790d39d7b98ffd19b0dd754a"},
    {file = "numpy-1.26.4-cp310-cp310-manylinux_2_17_aarch64.manylinux2014_aarch64.whl", hash = "sha256:d209d8969599b27ad20994c8e41936ee0964e6da07478d6c35016bc386b66ad4"},
    {file = "numpy-1.26.4-cp310-cp310-manylinux_2_17_x86_64.manylinux2014_x86_64.whl", hash = "sha256:ffa75af20b44f8dba823498024771d5ac50620e6915abac414251bd971b4529f"},
    {file = "numpy-1.26.4-cp310-cp310-musllinux_1_1_aarch64.whl", hash = "sha256:62b8e4b1e28009ef2846b4c7852046736bab361f7aeadeb6a5b89ebec3c7055a"},
    {file = "numpy-1.26.4-cp310-cp310-musllinux_1_1_x86_64.whl", hash = "sha256:a4abb4f9001ad2858e7ac189089c42178fcce737e4169dc61321660f1a96c7d2"},
    {file = "numpy-1.26.4-cp310-cp310-win32.whl", hash = "sha256:bfe25acf8b437eb2a8b2d49d443800a5f18508cd811fea3181723922a8a82b07"},
    {file = "numpy-1.26.4-cp310-cp310-win_amd64.whl", hash = "sha256:b97fe8060236edf3662adfc2c633f56a08ae30560c56310562cb4f95500022d5"},
    {file = "numpy-1.26.4-cp311-cp311-macosx_10_9_x86_64.whl", hash = "sha256:4c66707fabe114439db9068ee468c26bbdf909cac0fb58686a42a24de1760c71"},
    {file = "numpy-1.26.4-cp311-cp311-macosx_11_0_arm64.whl", hash = "sha256:edd8b5fe47dab091176d21bb6de568acdd906d1887a4584a15a9a96a1dca06ef"},
    {file = "numpy-1.26.4-cp311-cp311-manylinux_2_17_aarch64.manylinux2014_aarch64.whl", hash = "sha256:7ab55401287bfec946ced39700c053796e7cc0e3acbef09993a9ad2adba6ca6e"},
    {file = "numpy-1.26.4-cp311-cp311-manylinux_2_17_x86_64.manylinux2014_x86_64.whl", hash = "sha256:666dbfb6ec68962c033a450943ded891bed2d54e6755e35e5835d63f4f6931d5"},
    {file = "numpy-1.26.4-cp311-cp311-musllinux_1_1_aarch64.whl", hash = "sha256:96ff0b2ad353d8f990b63294c8986f1ec3cb19d749234014f4e7eb0112ceba5a"},
    {file = "numpy-1.26.4-cp311-cp311-musllinux_1_1_x86_64.whl", hash = "sha256:60dedbb91afcbfdc9bc0b1f3f402804070deed7392c23eb7a7f07fa857868e8a"},
    {file = "numpy-1.26.4-cp311-cp311-win32.whl", hash = "sha256:1af303d6b2210eb850fcf03064d364652b7120803a0b872f5211f5234b399f20"},
    {file = "numpy-1.26.4-cp311-cp311-win_amd64.whl", hash = "sha256:cd25bcecc4974d09257ffcd1f098ee778f7834c3ad767fe5db785be9a4aa9cb2"},
    {file = "numpy-1.26.4-cp312-cp312-macosx_10_9_x86_64.whl", hash = "sha256:b3ce300f3644fb06443ee2222c2201dd3a89ea6040541412b8fa189341847218"},
    {file = "numpy-1.26.4-cp312-cp312-macosx_11_0_arm64.whl", hash = "sha256:03a8c78d01d9781b28a6989f6fa1bb2c4f2d51201cf99d3dd875df6fbd96b23b"},
    {file = "numpy-1.26.4-cp312-cp312-manylinux_2_17_aarch64.manylinux2014_aarch64.whl", hash = "sha256:9fad7dcb1aac3c7f0584a5a8133e3a43eeb2fe127f47e3632d43d677c66c102b"},
    {file = "numpy-1.26.4-cp312-cp312-manylinux_2_17_x86_64.manylinux2014_x86_64.whl", hash = "sha256:675d61ffbfa78604709862923189bad94014bef562cc35cf61d3a07bba02a7ed"},
    {file = "numpy-1.26.4-cp312-cp312-musllinux_1_1_aarch64.whl", hash = "sha256:ab47dbe5cc8210f55aa58e4805fe224dac469cde56b9f731a4c098b91917159a"},
    {file = "numpy-1.26.4-cp312-cp312-musllinux_1_1_x86_64.whl", hash = "sha256:1dda2e7b4ec9dd512f84935c5f126c8bd8b9f2fc001e9f54af255e8c5f16b0e0"},
    {file = "numpy-1.26.4-cp312-cp312-win32.whl", hash = "sha256:50193e430acfc1346175fcbdaa28ffec49947a06918b7b92130744e81e640110"},
    {file = "numpy-1.26.4-cp312-cp312-win_amd64.whl", hash = "sha256:08beddf13648eb95f8d867350f6a018a4be2e5ad54c8d8caed89ebca558b2818"},
    {file = "numpy-1.26.4-cp39-cp39-macosx_10_9_x86_64.whl", hash = "sha256:7349ab0fa0c429c82442a27a9673fc802ffdb7c7775fad780226cb234965e53c"},
    {file = "numpy-1.26.4-cp39-cp39-macosx_11_0_arm64.whl", hash = "sha256:52b8b60467cd7dd1e9ed082188b4e6bb35aa5cdd01777621a1658910745b90be"},
    {file = "numpy-1.26.4-cp39-cp39-manylinux_2_17_aarch64.manylinux2014_aarch64.whl", hash = "sha256:d5241e0a80d808d70546c697135da2c613f30e28251ff8307eb72ba696945764"},
    {file = "numpy-1.26.4-cp39-cp39-manylinux_2_17_x86_64.manylinux2014_x86_64.whl", hash = "sha256:f870204a840a60da0b12273ef34f7051e98c3b5961b61b0c2c1be6dfd64fbcd3"},
    {file = "numpy-1.26.4-cp39-cp39-musllinux_1_1_aarch64.whl", hash = "sha256:679b0076f67ecc0138fd2ede3a8fd196dddc2ad3254069bcb9faf9a79b1cebcd"},
    {file = "numpy-1.26.4-cp39-cp39-musllinux_1_1_x86_64.whl", hash = "sha256:47711010ad8555514b434df65f7d7b076bb8261df1ca9bb78f53d3b2db02e95c"},
    {file = "numpy-1.26.4-cp39-cp39-win32.whl", hash = "sha256:a354325ee03388678242a4d7ebcd08b5c727033fcff3b2f536aea978e15ee9e6"},
    {file = "numpy-1.26.4-cp39-cp39-win_amd64.whl", hash = "sha256:3373d5d70a5fe74a2c1bb6d2cfd9609ecf686d47a2d7b1d37a8f3b6bf6003aea"},
    {file = "numpy-1.26.4-pp39-pypy39_pp73-macosx_10_9_x86_64.whl", hash = "sha256:afedb719a9dcfc7eaf2287b839d8198e06dcd4cb5d276a3df279231138e83d30"},
    {file = "numpy-1.26.4-pp39-pypy39_pp73-manylinux_2_17_x86_64.manylinux2014_x86_64.whl", hash = "sha256:95a7476c59002f2f6c590b9b7b998306fba6a5aa646b1e22ddfeaf8f78c3a29c"},
    {file = "numpy-1.26.4-pp39-pypy39_pp73-win_amd64.whl", hash = "sha256:7e50d0a0cc3189f9cb0aeb3a6a6af18c16f59f004b866cd2be1c14b36134a4a0"},
    {file = "numpy-1.26.4.tar.gz", hash = "sha256:2a02aba9ed12e4ac4eb3ea9421c420301a0c6460d9830d74a9df87efa4912010"},
]

[[package]]
name = "packaging"
version = "25.0"
description = "Core utilities for Python packages"
optional = false
python-versions = ">=3.8"
groups = ["test"]
files = [
    {file = "packaging-25.0-py3-none-any.whl", hash = "sha256:29572ef2b1f17581046b3a2227d5c611fb25ec70ca1ba8554b24b0e69331a484"},
    {file = "packaging-25.0.tar.gz", hash = "sha256:d443872c98d677bf60f6a1f2f8c1cb748e8fe762d2bf9d3148b5599295b0fc4f"},
]

[[package]]
name = "pandas"
version = "2.3.1"
description = "Powerful data structures for data analysis, time series, and statistics"
optional = false
python-versions = ">=3.9"
groups = ["test"]
files = [
    {file = "pandas-2.3.1-cp310-cp310-macosx_10_9_x86_64.whl", hash = "sha256:22c2e866f7209ebc3a8f08d75766566aae02bcc91d196935a1d9e59c7b990ac9"},
    {file = "pandas-2.3.1-cp310-cp310-macosx_11_0_arm64.whl", hash = "sha256:3583d348546201aff730c8c47e49bc159833f971c2899d6097bce68b9112a4f1"},
    {file = "pandas-2.3.1-cp310-cp310-manylinux_2_17_aarch64.manylinux2014_aarch64.whl", hash = "sha256:0f951fbb702dacd390561e0ea45cdd8ecfa7fb56935eb3dd78e306c19104b9b0"},
    {file = "pandas-2.3.1-cp310-cp310-manylinux_2_17_x86_64.manylinux2014_x86_64.whl", hash = "sha256:cd05b72ec02ebfb993569b4931b2e16fbb4d6ad6ce80224a3ee838387d83a191"},
    {file = "pandas-2.3.1-cp310-cp310-musllinux_1_2_aarch64.whl", hash = "sha256:1b916a627919a247d865aed068eb65eb91a344b13f5b57ab9f610b7716c92de1"},
    {file = "pandas-2.3.1-cp310-cp310-musllinux_1_2_x86_64.whl", hash = "sha256:fe67dc676818c186d5a3d5425250e40f179c2a89145df477dd82945eaea89e97"},
    {file = "pandas-2.3.1-cp310-cp310-win_amd64.whl", hash = "sha256:2eb789ae0274672acbd3c575b0598d213345660120a257b47b5dafdc618aec83"},
    {file = "pandas-2.3.1-cp311-cp311-macosx_10_9_x86_64.whl", hash = "sha256:2b0540963d83431f5ce8870ea02a7430adca100cec8a050f0811f8e31035541b"},
    {file = "pandas-2.3.1-cp311-cp311-macosx_11_0_arm64.whl", hash = "sha256:fe7317f578c6a153912bd2292f02e40c1d8f253e93c599e82620c7f69755c74f"},
    {file = "pandas-2.3.1-cp311-cp311-manylinux_2_17_aarch64.manylinux2014_aarch64.whl", hash = "sha256:e6723a27ad7b244c0c79d8e7007092d7c8f0f11305770e2f4cd778b3ad5f9f85"},
    {file = "pandas-2.3.1-cp311-cp311-manylinux_2_17_x86_64.manylinux2014_x86_64.whl", hash = "sha256:3462c3735fe19f2638f2c3a40bd94ec2dc5ba13abbb032dd2fa1f540a075509d"},
    {file = "pandas-2.3.1-cp311-cp311-musllinux_1_2_aarch64.whl", hash = "sha256:98bcc8b5bf7afed22cc753a28bc4d9e26e078e777066bc53fac7904ddef9a678"},
    {file = "pandas-2.3.1-cp311-cp311-musllinux_1_2_x86_64.whl", hash = "sha256:4d544806b485ddf29e52d75b1f559142514e60ef58a832f74fb38e48d757b299"},
    {file = "pandas-2.3.1-cp311-cp311-win_amd64.whl", hash = "sha256:b3cd4273d3cb3707b6fffd217204c52ed92859533e31dc03b7c5008aa933aaab"},
    {file = "pandas-2.3.1-cp312-cp312-macosx_10_13_x86_64.whl", hash = "sha256:689968e841136f9e542020698ee1c4fbe9caa2ed2213ae2388dc7b81721510d3"},
    {file = "pandas-2.3.1-cp312-cp312-macosx_11_0_arm64.whl", hash = "sha256:025e92411c16cbe5bb2a4abc99732a6b132f439b8aab23a59fa593eb00704232"},
    {file = "pandas-2.3.1-cp312-cp312-manylinux_2_17_aarch64.manylinux2014_aarch64.whl", hash = "sha256:9b7ff55f31c4fcb3e316e8f7fa194566b286d6ac430afec0d461163312c5841e"},
    {file = "pandas-2.3.1-cp312-cp312-manylinux_2_17_x86_64.manylinux2014_x86_64.whl", hash = "sha256:7dcb79bf373a47d2a40cf7232928eb7540155abbc460925c2c96d2d30b006eb4"},
    {file = "pandas-2.3.1-cp312-cp312-musllinux_1_2_aarch64.whl", hash = "sha256:56a342b231e8862c96bdb6ab97170e203ce511f4d0429589c8ede1ee8ece48b8"},
    {file = "pandas-2.3.1-cp312-cp312-musllinux_1_2_x86_64.whl", hash = "sha256:ca7ed14832bce68baef331f4d7f294411bed8efd032f8109d690df45e00c4679"},
    {file = "pandas-2.3.1-cp312-cp312-win_amd64.whl", hash = "sha256:ac942bfd0aca577bef61f2bc8da8147c4ef6879965ef883d8e8d5d2dc3e744b8"},
    {file = "pandas-2.3.1-cp313-cp313-macosx_10_13_x86_64.whl", hash = "sha256:9026bd4a80108fac2239294a15ef9003c4ee191a0f64b90f170b40cfb7cf2d22"},
    {file = "pandas-2.3.1-cp313-cp313-macosx_11_0_arm64.whl", hash = "sha256:6de8547d4fdb12421e2d047a2c446c623ff4c11f47fddb6b9169eb98ffba485a"},
    {file = "pandas-2.3.1-cp313-cp313-manylinux_2_17_aarch64.manylinux2014_aarch64.whl", hash = "sha256:782647ddc63c83133b2506912cc6b108140a38a37292102aaa19c81c83db2928"},
    {file = "pandas-2.3.1-cp313-cp313-manylinux_2_17_x86_64.manylinux2014_x86_64.whl", hash = "sha256:2ba6aff74075311fc88504b1db890187a3cd0f887a5b10f5525f8e2ef55bfdb9"},
    {file = "pandas-2.3.1-cp313-cp313-musllinux_1_2_aarch64.whl", hash = "sha256:e5635178b387bd2ba4ac040f82bc2ef6e6b500483975c4ebacd34bec945fda12"},
    {file = "pandas-2.3.1-cp313-cp313-musllinux_1_2_x86_64.whl", hash = "sha256:6f3bf5ec947526106399a9e1d26d40ee2b259c66422efdf4de63c848492d91bb"},
    {file = "pandas-2.3.1-cp313-cp313-win_amd64.whl", hash = "sha256:1c78cf43c8fde236342a1cb2c34bcff89564a7bfed7e474ed2fffa6aed03a956"},
    {file = "pandas-2.3.1-cp313-cp313t-macosx_10_13_x86_64.whl", hash = "sha256:8dfc17328e8da77be3cf9f47509e5637ba8f137148ed0e9b5241e1baf526e20a"},
    {file = "pandas-2.3.1-cp313-cp313t-macosx_11_0_arm64.whl", hash = "sha256:ec6c851509364c59a5344458ab935e6451b31b818be467eb24b0fe89bd05b6b9"},
    {file = "pandas-2.3.1-cp313-cp313t-manylinux_2_17_aarch64.manylinux2014_aarch64.whl", hash = "sha256:911580460fc4884d9b05254b38a6bfadddfcc6aaef856fb5859e7ca202e45275"},
    {file = "pandas-2.3.1-cp313-cp313t-manylinux_2_17_x86_64.manylinux2014_x86_64.whl", hash = "sha256:2f4d6feeba91744872a600e6edbbd5b033005b431d5ae8379abee5bcfa479fab"},
    {file = "pandas-2.3.1-cp313-cp313t-musllinux_1_2_aarch64.whl", hash = "sha256:fe37e757f462d31a9cd7580236a82f353f5713a80e059a29753cf938c6775d96"},
    {file = "pandas-2.3.1-cp313-cp313t-musllinux_1_2_x86_64.whl", hash = "sha256:5db9637dbc24b631ff3707269ae4559bce4b7fd75c1c4d7e13f40edc42df4444"},
    {file = "pandas-2.3.1-cp39-cp39-macosx_10_9_x86_64.whl", hash = "sha256:4645f770f98d656f11c69e81aeb21c6fca076a44bed3dcbb9396a4311bc7f6d8"},
    {file = "pandas-2.3.1-cp39-cp39-macosx_11_0_arm64.whl", hash = "sha256:342e59589cc454aaff7484d75b816a433350b3d7964d7847327edda4d532a2e3"},
    {file = "pandas-2.3.1-cp39-cp39-manylinux_2_17_aarch64.manylinux2014_aarch64.whl", hash = "sha256:1d12f618d80379fde6af007f65f0c25bd3e40251dbd1636480dfffce2cf1e6da"},
    {file = "pandas-2.3.1-cp39-cp39-manylinux_2_17_x86_64.manylinux2014_x86_64.whl", hash = "sha256:dd71c47a911da120d72ef173aeac0bf5241423f9bfea57320110a978457e069e"},
    {file = "pandas-2.3.1-cp39-cp39-musllinux_1_2_aarch64.whl", hash = "sha256:09e3b1587f0f3b0913e21e8b32c3119174551deb4a4eba4a89bc7377947977e7"},
    {file = "pandas-2.3.1-cp39-cp39-musllinux_1_2_x86_64.whl", hash = "sha256:2323294c73ed50f612f67e2bf3ae45aea04dce5690778e08a09391897f35ff88"},
    {file = "pandas-2.3.1-cp39-cp39-win_amd64.whl", hash = "sha256:b4b0de34dc8499c2db34000ef8baad684cfa4cbd836ecee05f323ebfba348c7d"},
    {file = "pandas-2.3.1.tar.gz", hash = "sha256:0a95b9ac964fe83ce317827f80304d37388ea77616b1425f0ae41c9d2d0d7bb2"},
]

[package.dependencies]
numpy = {version = ">=1.26.0", markers = "python_version >= \"3.12\""}
python-dateutil = ">=2.8.2"
pytz = ">=2020.1"
tzdata = ">=2022.7"

[package.extras]
all = ["PyQt5 (>=5.15.9)", "SQLAlchemy (>=2.0.0)", "adbc-driver-postgresql (>=0.8.0)", "adbc-driver-sqlite (>=0.8.0)", "beautifulsoup4 (>=4.11.2)", "bottleneck (>=1.3.6)", "dataframe-api-compat (>=0.1.7)", "fastparquet (>=2022.12.0)", "fsspec (>=2022.11.0)", "gcsfs (>=2022.11.0)", "html5lib (>=1.1)", "hypothesis (>=6.46.1)", "jinja2 (>=3.1.2)", "lxml (>=4.9.2)", "matplotlib (>=3.6.3)", "numba (>=0.56.4)", "numexpr (>=2.8.4)", "odfpy (>=1.4.1)", "openpyxl (>=3.1.0)", "pandas-gbq (>=0.19.0)", "psycopg2 (>=2.9.6)", "pyarrow (>=10.0.1)", "pymysql (>=1.0.2)", "pyreadstat (>=1.2.0)", "pytest (>=7.3.2)", "pytest-xdist (>=2.2.0)", "python-calamine (>=0.1.7)", "pyxlsb (>=1.0.10)", "qtpy (>=2.3.0)", "s3fs (>=2022.11.0)", "scipy (>=1.10.0)", "tables (>=3.8.0)", "tabulate (>=0.9.0)", "xarray (>=2022.12.0)", "xlrd (>=2.0.1)", "xlsxwriter (>=3.0.5)", "zstandard (>=0.19.0)"]
aws = ["s3fs (>=2022.11.0)"]
clipboard = ["PyQt5 (>=5.15.9)", "qtpy (>=2.3.0)"]
compression = ["zstandard (>=0.19.0)"]
computation = ["scipy (>=1.10.0)", "xarray (>=2022.12.0)"]
consortium-standard = ["dataframe-api-compat (>=0.1.7)"]
excel = ["odfpy (>=1.4.1)", "openpyxl (>=3.1.0)", "python-calamine (>=0.1.7)", "pyxlsb (>=1.0.10)", "xlrd (>=2.0.1)", "xlsxwriter (>=3.0.5)"]
feather = ["pyarrow (>=10.0.1)"]
fss = ["fsspec (>=2022.11.0)"]
gcp = ["gcsfs (>=2022.11.0)", "pandas-gbq (>=0.19.0)"]
hdf5 = ["tables (>=3.8.0)"]
html = ["beautifulsoup4 (>=4.11.2)", "html5lib (>=1.1)", "lxml (>=4.9.2)"]
mysql = ["SQLAlchemy (>=2.0.0)", "pymysql (>=1.0.2)"]
output-formatting = ["jinja2 (>=3.1.2)", "tabulate (>=0.9.0)"]
parquet = ["pyarrow (>=10.0.1)"]
performance = ["bottleneck (>=1.3.6)", "numba (>=0.56.4)", "numexpr (>=2.8.4)"]
plot = ["matplotlib (>=3.6.3)"]
postgresql = ["SQLAlchemy (>=2.0.0)", "adbc-driver-postgresql (>=0.8.0)", "psycopg2 (>=2.9.6)"]
pyarrow = ["pyarrow (>=10.0.1)"]
spss = ["pyreadstat (>=1.2.0)"]
sql-other = ["SQLAlchemy (>=2.0.0)", "adbc-driver-postgresql (>=0.8.0)", "adbc-driver-sqlite (>=0.8.0)"]
test = ["hypothesis (>=6.46.1)", "pytest (>=7.3.2)", "pytest-xdist (>=2.2.0)"]
xml = ["lxml (>=4.9.2)"]

[[package]]
name = "pluggy"
version = "1.6.0"
description = "plugin and hook calling mechanisms for python"
optional = false
python-versions = ">=3.9"
groups = ["test"]
files = [
    {file = "pluggy-1.6.0-py3-none-any.whl", hash = "sha256:e920276dd6813095e9377c0bc5566d94c932c33b27a3e3945d8389c374dd4746"},
    {file = "pluggy-1.6.0.tar.gz", hash = "sha256:7dcc130b76258d33b90f61b658791dede3486c3e6bfb003ee5c9bfb396dd22f3"},
]

[package.extras]
dev = ["pre-commit", "tox"]
testing = ["coverage", "pytest", "pytest-benchmark"]

[[package]]
name = "py4j"
version = "0.10.9.7"
description = "Enables Python programs to dynamically access arbitrary Java objects"
optional = false
python-versions = "*"
groups = ["main"]
files = [
    {file = "py4j-0.10.9.7-py2.py3-none-any.whl", hash = "sha256:85defdfd2b2376eb3abf5ca6474b51ab7e0de341c75a02f46dc9b5976f5a5c1b"},
    {file = "py4j-0.10.9.7.tar.gz", hash = "sha256:0b6e5315bb3ada5cf62ac651d107bb2ebc02def3dee9d9548e3baac644ea8dbb"},
]

[[package]]
name = "pyarrow"
version = "14.0.2"
description = "Python library for Apache Arrow"
optional = false
python-versions = ">=3.8"
groups = ["test"]
files = [
    {file = "pyarrow-14.0.2-cp310-cp310-macosx_10_14_x86_64.whl", hash = "sha256:ba9fe808596c5dbd08b3aeffe901e5f81095baaa28e7d5118e01354c64f22807"},
    {file = "pyarrow-14.0.2-cp310-cp310-macosx_11_0_arm64.whl", hash = "sha256:22a768987a16bb46220cef490c56c671993fbee8fd0475febac0b3e16b00a10e"},
    {file = "pyarrow-14.0.2-cp310-cp310-manylinux_2_17_aarch64.manylinux2014_aarch64.whl", hash = "sha256:2dbba05e98f247f17e64303eb876f4a80fcd32f73c7e9ad975a83834d81f3fda"},
    {file = "pyarrow-14.0.2-cp310-cp310-manylinux_2_17_x86_64.manylinux2014_x86_64.whl", hash = "sha256:a898d134d00b1eca04998e9d286e19653f9d0fcb99587310cd10270907452a6b"},
    {file = "pyarrow-14.0.2-cp310-cp310-manylinux_2_28_aarch64.whl", hash = "sha256:87e879323f256cb04267bb365add7208f302df942eb943c93a9dfeb8f44840b1"},
    {file = "pyarrow-14.0.2-cp310-cp310-manylinux_2_28_x86_64.whl", hash = "sha256:76fc257559404ea5f1306ea9a3ff0541bf996ff3f7b9209fc517b5e83811fa8e"},
    {file = "pyarrow-14.0.2-cp310-cp310-win_amd64.whl", hash = "sha256:b0c4a18e00f3a32398a7f31da47fefcd7a927545b396e1f15d0c85c2f2c778cd"},
    {file = "pyarrow-14.0.2-cp311-cp311-macosx_10_14_x86_64.whl", hash = "sha256:87482af32e5a0c0cce2d12eb3c039dd1d853bd905b04f3f953f147c7a196915b"},
    {file = "pyarrow-14.0.2-cp311-cp311-macosx_11_0_arm64.whl", hash = "sha256:059bd8f12a70519e46cd64e1ba40e97eae55e0cbe1695edd95384653d7626b23"},
    {file = "pyarrow-14.0.2-cp311-cp311-manylinux_2_17_aarch64.manylinux2014_aarch64.whl", hash = "sha256:3f16111f9ab27e60b391c5f6d197510e3ad6654e73857b4e394861fc79c37200"},
    {file = "pyarrow-14.0.2-cp311-cp311-manylinux_2_17_x86_64.manylinux2014_x86_64.whl", hash = "sha256:06ff1264fe4448e8d02073f5ce45a9f934c0f3db0a04460d0b01ff28befc3696"},
    {file = "pyarrow-14.0.2-cp311-cp311-manylinux_2_28_aarch64.whl", hash = "sha256:6dd4f4b472ccf4042f1eab77e6c8bce574543f54d2135c7e396f413046397d5a"},
    {file = "pyarrow-14.0.2-cp311-cp311-manylinux_2_28_x86_64.whl", hash = "sha256:32356bfb58b36059773f49e4e214996888eeea3a08893e7dbde44753799b2a02"},
    {file = "pyarrow-14.0.2-cp311-cp311-win_amd64.whl", hash = "sha256:52809ee69d4dbf2241c0e4366d949ba035cbcf48409bf404f071f624ed313a2b"},
    {file = "pyarrow-14.0.2-cp312-cp312-macosx_10_14_x86_64.whl", hash = "sha256:c87824a5ac52be210d32906c715f4ed7053d0180c1060ae3ff9b7e560f53f944"},
    {file = "pyarrow-14.0.2-cp312-cp312-macosx_11_0_arm64.whl", hash = "sha256:a25eb2421a58e861f6ca91f43339d215476f4fe159eca603c55950c14f378cc5"},
    {file = "pyarrow-14.0.2-cp312-cp312-manylinux_2_17_aarch64.manylinux2014_aarch64.whl", hash = "sha256:5c1da70d668af5620b8ba0a23f229030a4cd6c5f24a616a146f30d2386fec422"},
    {file = "pyarrow-14.0.2-cp312-cp312-manylinux_2_17_x86_64.manylinux2014_x86_64.whl", hash = "sha256:2cc61593c8e66194c7cdfae594503e91b926a228fba40b5cf25cc593563bcd07"},
    {file = "pyarrow-14.0.2-cp312-cp312-manylinux_2_28_aarch64.whl", hash = "sha256:78ea56f62fb7c0ae8ecb9afdd7893e3a7dbeb0b04106f5c08dbb23f9c0157591"},
    {file = "pyarrow-14.0.2-cp312-cp312-manylinux_2_28_x86_64.whl", hash = "sha256:37c233ddbce0c67a76c0985612fef27c0c92aef9413cf5aa56952f359fcb7379"},
    {file = "pyarrow-14.0.2-cp312-cp312-win_amd64.whl", hash = "sha256:e4b123ad0f6add92de898214d404e488167b87b5dd86e9a434126bc2b7a5578d"},
    {file = "pyarrow-14.0.2-cp38-cp38-macosx_10_14_x86_64.whl", hash = "sha256:e354fba8490de258be7687f341bc04aba181fc8aa1f71e4584f9890d9cb2dec2"},
    {file = "pyarrow-14.0.2-cp38-cp38-macosx_11_0_arm64.whl", hash = "sha256:20e003a23a13da963f43e2b432483fdd8c38dc8882cd145f09f21792e1cf22a1"},
    {file = "pyarrow-14.0.2-cp38-cp38-manylinux_2_17_aarch64.manylinux2014_aarch64.whl", hash = "sha256:fc0de7575e841f1595ac07e5bc631084fd06ca8b03c0f2ecece733d23cd5102a"},
    {file = "pyarrow-14.0.2-cp38-cp38-manylinux_2_17_x86_64.manylinux2014_x86_64.whl", hash = "sha256:66e986dc859712acb0bd45601229021f3ffcdfc49044b64c6d071aaf4fa49e98"},
    {file = "pyarrow-14.0.2-cp38-cp38-manylinux_2_28_aarch64.whl", hash = "sha256:f7d029f20ef56673a9730766023459ece397a05001f4e4d13805111d7c2108c0"},
    {file = "pyarrow-14.0.2-cp38-cp38-manylinux_2_28_x86_64.whl", hash = "sha256:209bac546942b0d8edc8debda248364f7f668e4aad4741bae58e67d40e5fcf75"},
    {file = "pyarrow-14.0.2-cp38-cp38-win_amd64.whl", hash = "sha256:1e6987c5274fb87d66bb36816afb6f65707546b3c45c44c28e3c4133c010a881"},
    {file = "pyarrow-14.0.2-cp39-cp39-macosx_10_14_x86_64.whl", hash = "sha256:a01d0052d2a294a5f56cc1862933014e696aa08cc7b620e8c0cce5a5d362e976"},
    {file = "pyarrow-14.0.2-cp39-cp39-macosx_11_0_arm64.whl", hash = "sha256:a51fee3a7db4d37f8cda3ea96f32530620d43b0489d169b285d774da48ca9785"},
    {file = "pyarrow-14.0.2-cp39-cp39-manylinux_2_17_aarch64.manylinux2014_aarch64.whl", hash = "sha256:64df2bf1ef2ef14cee531e2dfe03dd924017650ffaa6f9513d7a1bb291e59c15"},
    {file = "pyarrow-14.0.2-cp39-cp39-manylinux_2_17_x86_64.manylinux2014_x86_64.whl", hash = "sha256:3c0fa3bfdb0305ffe09810f9d3e2e50a2787e3a07063001dcd7adae0cee3601a"},
    {file = "pyarrow-14.0.2-cp39-cp39-manylinux_2_28_aarch64.whl", hash = "sha256:c65bf4fd06584f058420238bc47a316e80dda01ec0dfb3044594128a6c2db794"},
    {file = "pyarrow-14.0.2-cp39-cp39-manylinux_2_28_x86_64.whl", hash = "sha256:63ac901baec9369d6aae1cbe6cca11178fb018a8d45068aaf5bb54f94804a866"},
    {file = "pyarrow-14.0.2-cp39-cp39-win_amd64.whl", hash = "sha256:75ee0efe7a87a687ae303d63037d08a48ef9ea0127064df18267252cfe2e9541"},
    {file = "pyarrow-14.0.2.tar.gz", hash = "sha256:36cef6ba12b499d864d1def3e990f97949e0b79400d08b7cf74504ffbd3eb025"},
]

[package.dependencies]
numpy = ">=1.16.6"

[[package]]
name = "pyspark"
version = "3.5.0"
description = "Apache Spark Python API"
optional = false
python-versions = ">=3.8"
groups = ["main"]
files = [
    {file = "pyspark-3.5.0.tar.gz", hash = "sha256:d41a9b76bd2aca370a6100d075c029e22ba44c5940927877e9435a3a9c566558"},
]

[package.dependencies]
py4j = "0.10.9.7"

[package.extras]
connect = ["googleapis-common-protos (>=1.56.4)", "grpcio (>=1.56.0)", "grpcio-status (>=1.56.0)", "numpy (>=1.15)", "pandas (>=1.0.5)", "pyarrow (>=4.0.0)"]
ml = ["numpy (>=1.15)"]
mllib = ["numpy (>=1.15)"]
pandas-on-spark = ["numpy (>=1.15)", "pandas (>=1.0.5)", "pyarrow (>=4.0.0)"]
sql = ["numpy (>=1.15)", "pandas (>=1.0.5)", "pyarrow (>=4.0.0)"]

[[package]]
name = "pytest"
version = "7.4.4"
description = "pytest: simple powerful testing with Python"
optional = false
python-versions = ">=3.7"
groups = ["test"]
files = [
    {file = "pytest-7.4.4-py3-none-any.whl", hash = "sha256:b090cdf5ed60bf4c45261be03239c2c1c22df034fbffe691abe93cd80cea01d8"},
    {file = "pytest-7.4.4.tar.gz", hash = "sha256:2cf0005922c6ace4a3e2ec8b4080eb0d9753fdc93107415332f50ce9e7994280"},
]

[package.dependencies]
colorama = {version = "*", markers = "sys_platform == \"win32\""}
iniconfig = "*"
packaging = "*"
pluggy = ">=0.12,<2.0"

[package.extras]
testing = ["argcomplete", "attrs (>=19.2.0)", "hypothesis (>=3.56)", "mock", "nose", "pygments (>=2.7.2)", "requests", "setuptools", "xmlschema"]

[[package]]
name = "pytest-cov"
version = "6.2.1"
description = "Pytest plugin for measuring coverage."
optional = false
python-versions = ">=3.9"
groups = ["test"]
files = [
    {file = "pytest_cov-6.2.1-py3-none-any.whl", hash = "sha256:f5bc4c23f42f1cdd23c70b1dab1bbaef4fc505ba950d53e0081d0730dd7e86d5"},
    {file = "pytest_cov-6.2.1.tar.gz", hash = "sha256:25cc6cc0a5358204b8108ecedc51a9b57b34cc6b8c967cc2c01a4e00d8a67da2"},
]

[package.dependencies]
coverage = {version = ">=7.5", extras = ["toml"]}
pluggy = ">=1.2"
pytest = ">=6.2.5"

[package.extras]
testing = ["fields", "hunter", "process-tests", "pytest-xdist", "virtualenv"]

[[package]]
name = "python-dateutil"
version = "2.9.0.post0"
description = "Extensions to the standard Python datetime module"
optional = false
python-versions = "!=3.0.*,!=3.1.*,!=3.2.*,>=2.7"
groups = ["test"]
files = [
    {file = "python-dateutil-2.9.0.post0.tar.gz", hash = "sha256:37dd54208da7e1cd875388217d5e00ebd4179249f90fb72437e91a35459a0ad3"},
    {file = "python_dateutil-2.9.0.post0-py2.py3-none-any.whl", hash = "sha256:a8b2bc7bffae282281c8140a97d3aa9c14da0b136dfe83f850eea9a5f7470427"},
]

[package.dependencies]
six = ">=1.5"

[[package]]
name = "pytz"
version = "2025.2"
description = "World timezone definitions, modern and historical"
optional = false
python-versions = "*"
groups = ["test"]
files = [
    {file = "pytz-2025.2-py2.py3-none-any.whl", hash = "sha256:5ddf76296dd8c44c26eb8f4b6f35488f3ccbf6fbbd7adee0b7262d43f0ec2f00"},
    {file = "pytz-2025.2.tar.gz", hash = "sha256:360b9e3dbb49a209c21ad61809c7fb453643e048b38924c765813546746e81c3"},
]

[[package]]
name = "setuptools"
version = "80.9.0"
description = "Easily download, build, install, upgrade, and uninstall Python packages"
optional = false
python-versions = ">=3.9"
groups = ["test"]
files = [
    {file = "setuptools-80.9.0-py3-none-any.whl", hash = "sha256:062d34222ad13e0cc312a4c02d73f059e86a4acbfbdea8f8f76b28c99f306922"},
    {file = "setuptools-80.9.0.tar.gz", hash = "sha256:f36b47402ecde768dbfafc46e8e4207b4360c654f1f3bb84475f0a28628fb19c"},
]

[package.extras]
check = ["pytest-checkdocs (>=2.4)", "pytest-ruff (>=0.2.1) ; sys_platform != \"cygwin\"", "ruff (>=0.8.0) ; sys_platform != \"cygwin\""]
core = ["importlib_metadata (>=6) ; python_version < \"3.10\"", "jaraco.functools (>=4)", "jaraco.text (>=3.7)", "more_itertools", "more_itertools (>=8.8)", "packaging (>=24.2)", "platformdirs (>=4.2.2)", "tomli (>=2.0.1) ; python_version < \"3.11\"", "wheel (>=0.43.0)"]
cover = ["pytest-cov"]
doc = ["furo", "jaraco.packaging (>=9.3)", "jaraco.tidelift (>=1.4)", "pygments-github-lexers (==0.0.5)", "pyproject-hooks (!=1.1)", "rst.linker (>=1.9)", "sphinx (>=3.5)", "sphinx-favicon", "sphinx-inline-tabs", "sphinx-lint", "sphinx-notfound-page (>=1,<2)", "sphinx-reredirects", "sphinxcontrib-towncrier", "towncrier (<24.7)"]
enabler = ["pytest-enabler (>=2.2)"]
test = ["build[virtualenv] (>=1.0.3)", "filelock (>=3.4.0)", "ini2toml[lite] (>=0.14)", "jaraco.develop (>=7.21) ; python_version >= \"3.9\" and sys_platform != \"cygwin\"", "jaraco.envs (>=2.2)", "jaraco.path (>=3.7.2)", "jaraco.test (>=5.5)", "packaging (>=24.2)", "pip (>=19.1)", "pyproject-hooks (!=1.1)", "pytest (>=6,!=8.1.*)", "pytest-home (>=0.5)", "pytest-perf ; sys_platform != \"cygwin\"", "pytest-subprocess", "pytest-timeout", "pytest-xdist (>=3)", "tomli-w (>=1.0.0)", "virtualenv (>=13.0.0)", "wheel (>=0.44.0)"]
type = ["importlib_metadata (>=7.0.2) ; python_version < \"3.10\"", "jaraco.develop (>=7.21) ; sys_platform != \"cygwin\"", "mypy (==1.14.*)", "pytest-mypy"]

[[package]]
name = "six"
version = "1.17.0"
description = "Python 2 and 3 compatibility utilities"
optional = false
python-versions = "!=3.0.*,!=3.1.*,!=3.2.*,>=2.7"
groups = ["test"]
files = [
    {file = "six-1.17.0-py2.py3-none-any.whl", hash = "sha256:4721f391ed90541fddacab5acf947aa0d3dc7d27b2e1e8eda2be8970586c3274"},
    {file = "six-1.17.0.tar.gz", hash = "sha256:ff70335d468e7eb6ec65b95b99d3a2836546063f63acc5171de367e834932a81"},
]

[[package]]
name = "tzdata"
version = "2025.2"
description = "Provider of IANA time zone data"
optional = false
python-versions = ">=2"
groups = ["test"]
files = [
    {file = "tzdata-2025.2-py2.py3-none-any.whl", hash = "sha256:1a403fada01ff9221ca8044d701868fa132215d84beb92242d9acd2147f667a8"},
    {file = "tzdata-2025.2.tar.gz", hash = "sha256:b60a638fcc0daffadf82fe0f57e53d06bdec2f36c4df66280ae79bce6bd6f2b9"},
]

[metadata]
lock-version = "2.1"
python-versions = ">= 3.12 < 3.13"
content-hash = "97aa2122d3e33396855c06a7e4296fb1477c662535f7b4428ea7b2ed321e0f20"
